Microsoft Visual Studio Solution File, Format Version 12.00
# Visual Studio Version 17
VisualStudioVersion = 17.5.2.0
MinimumVisualStudioVersion = 10.0.40219.1
Project("{2150E333-8FDC-42A3-9474-1A3956D46DE8}") = "project-templates", "project-templates", "{A4CCA52A-012C-F9F2-9414-552E1C2BFE00}"
EndProject
Project("{FAE04EC0-301F-11D3-BF4B-00C04F79EFBC}") = "dotnet-web-api", "project-templates\dotnet-web-api\dotnet-web-api.csproj", "{F388CA4C-84D3-E756-9E00-9108B7D191FC}"
EndProject
Global
	GlobalSection(SolutionConfigurationPlatforms) = preSolution
		Debug|Any CPU = Debug|Any CPU
		Release|Any CPU = Release|Any CPU
	EndGlobalSection
	GlobalSection(ProjectConfigurationPlatforms) = postSolution
		{F388CA4C-84D3-E756-9E00-9108B7D191FC}.Debug|Any CPU.ActiveCfg = Debug|Any CPU
		{F388CA4C-84D3-E756-9E00-9108B7D191FC}.Debug|Any CPU.Build.0 = Debug|Any CPU
		{F388CA4C-84D3-E756-9E00-9108B7D191FC}.Release|Any CPU.ActiveCfg = Release|Any CPU
		{F388CA4C-84D3-E756-9E00-9108B7D191FC}.Release|Any CPU.Build.0 = Release|Any CPU
	EndGlobalSection
	GlobalSection(SolutionProperties) = preSolution
		HideSolutionNode = FALSE
	EndGlobalSection
	GlobalSection(NestedProjects) = preSolution
		{F388CA4C-84D3-E756-9E00-9108B7D191FC} = {A4CCA52A-012C-F9F2-9414-552E1C2BFE00}
	EndGlobalSection
	GlobalSection(ExtensibilityGlobals) = postSolution
		SolutionGuid = {BF3BC1F0-69D4-46EA-86B3-268EB6B03400}
	EndGlobalSection
EndGlobal
